
Microsoft Visual Studio Solution File, Format Version 12.00
# Visual Studio Version 17
VisualStudioVersion = 17.5.33530.505
MinimumVisualStudioVersion = 10.0.40219.1
Project("{FAE04EC0-301F-11D3-BF4B-00C04F79EFBC}") = "WebApplication8", "WebApplication8.csproj", "{71E7F24D-B8E9-49B2-B400-5635B80F6651}"
EndProject
Global
	GlobalSection(SolutionConfigurationPlatforms) = preSolution
		Debug|Any CPU = Debug|Any CPU
		Release|Any CPU = Release|Any CPU
	EndGlobalSection
	GlobalSection(ProjectConfigurationPlatforms) = postSolution
		{71E7F24D-B8E9-49B2-B400-5635B80F6651}.Debug|Any CPU.ActiveCfg = Debug|Any CPU
		{71E7F24D-B8E9-49B2-B400-5635B80F6651}.Debug|Any CPU.Build.0 = Debug|Any CPU
		{71E7F24D-B8E9-49B2-B400-5635B80F6651}.Release|Any CPU.ActiveCfg = Release|Any CPU
		{71E7F24D-B8E9-49B2-B400-5635B80F6651}.Release|Any CPU.Build.0 = Release|Any CPU
	EndGlobalSection
	GlobalSection(SolutionProperties) = preSolution
		HideSolutionNode = FALSE
	EndGlobalSection
	GlobalSection(ExtensibilityGlobals) = postSolution
		SolutionGuid = {4D5A1A64-0F3A-4A65-94D6-38F19A7E6532}
	EndGlobalSection
EndGlobal
